
Microsoft Visual Studio Solution File, Format Version 12.00
# Visual Studio Version 16
VisualStudioVersion = 16.0.29318.209
MinimumVisualStudioVersion = 10.0.40219.1
Project("{FAE04EC0-301F-11D3-BF4B-00C04F79EFBC}") = "övn", "övn\övn.csproj", "{172B4EDE-753E-4409-99B7-6F78F59617CE}"
EndProject
Global
	GlobalSection(SolutionConfigurationPlatforms) = preSolution
		Debug|Any CPU = Debug|Any CPU
		Release|Any CPU = Release|Any CPU
	EndGlobalSection
	GlobalSection(ProjectConfigurationPlatforms) = postSolution
		{172B4EDE-753E-4409-99B7-6F78F59617CE}.Debug|Any CPU.ActiveCfg = Debug|Any CPU
		{172B4EDE-753E-4409-99B7-6F78F59617CE}.Debug|Any CPU.Build.0 = Debug|Any CPU
		{172B4EDE-753E-4409-99B7-6F78F59617CE}.Release|Any CPU.ActiveCfg = Release|Any CPU
		{172B4EDE-753E-4409-99B7-6F78F59617CE}.Release|Any CPU.Build.0 = Release|Any CPU
	EndGlobalSection
	GlobalSection(SolutionProperties) = preSolution
		HideSolutionNode = FALSE
	EndGlobalSection
	GlobalSection(ExtensibilityGlobals) = postSolution
		SolutionGuid = {ECD2386F-10EC-436F-8FDA-EB92140FD883}
	EndGlobalSection
EndGlobal
